
Microsoft Visual Studio Solution File, Format Version 12.00
# Visual Studio Version 17
VisualStudioVersion = 17.0.31903.59
MinimumVisualStudioVersion = 10.0.40219.1
Project("{FAE04EC0-301F-11D3-BF4B-00C04F79EFBC}") = "KR3.ApiGateway", "KR3.ApiGateway\KR3.ApiGateway.csproj", "{23FBDCF5-9E0B-491F-80B3-D719BE7E97B3}"
EndProject
Project("{FAE04EC0-301F-11D3-BF4B-00C04F79EFBC}") = "KR3.OrderService", "KR3.OrderService\KR3.OrderService.csproj", "{32123E1D-8D5E-49AD-84EA-B0668D011886}"
EndProject
Project("{FAE04EC0-301F-11D3-BF4B-00C04F79EFBC}") = "KR3.PaymentService", "KR3.PaymentService\KR3.PaymentService.csproj", "{74C37808-00A9-4897-A7A8-1BAA3D491191}"
EndProject
Project("{FAE04EC0-301F-11D3-BF4B-00C04F79EFBC}") = "KR3.Shared", "KR3.Shared\KR3.Shared.csproj", "{BDB79050-4237-4791-AD75-328C7BBE6366}"
EndProject
Project("{FAE04EC0-301F-11D3-BF4B-00C04F79EFBC}") = "KR3.OrderService.Tests", "KR3.OrderService.Tests\KR3.OrderService.Tests.csproj", "{32EA2002-359B-4107-98B6-0A9976BB442E}"
EndProject
Project("{FAE04EC0-301F-11D3-BF4B-00C04F79EFBC}") = "KR3.PaymentService.Tests", "KR3.PaymentService.Tests\KR3.PaymentService.Tests.csproj", "{0B35846C-0E16-4970-A83E-C24124D51B83}"
EndProject
Global
	GlobalSection(SolutionConfigurationPlatforms) = preSolution
		Debug|Any CPU = Debug|Any CPU
		Debug|x64 = Debug|x64
		Debug|x86 = Debug|x86
		Release|Any CPU = Release|Any CPU
		Release|x64 = Release|x64
		Release|x86 = Release|x86
	EndGlobalSection
	GlobalSection(ProjectConfigurationPlatforms) = postSolution
		{23FBDCF5-9E0B-491F-80B3-D719BE7E97B3}.Debug|Any CPU.ActiveCfg = Debug|Any CPU
		{23FBDCF5-9E0B-491F-80B3-D719BE7E97B3}.Debug|Any CPU.Build.0 = Debug|Any CPU
		{23FBDCF5-9E0B-491F-80B3-D719BE7E97B3}.Debug|x64.ActiveCfg = Debug|Any CPU
		{23FBDCF5-9E0B-491F-80B3-D719BE7E97B3}.Debug|x64.Build.0 = Debug|Any CPU
		{23FBDCF5-9E0B-491F-80B3-D719BE7E97B3}.Debug|x86.ActiveCfg = Debug|Any CPU
		{23FBDCF5-9E0B-491F-80B3-D719BE7E97B3}.Debug|x86.Build.0 = Debug|Any CPU
		{23FBDCF5-9E0B-491F-80B3-D719BE7E97B3}.Release|Any CPU.ActiveCfg = Release|Any CPU
		{23FBDCF5-9E0B-491F-80B3-D719BE7E97B3}.Release|Any CPU.Build.0 = Release|Any CPU
		{23FBDCF5-9E0B-491F-80B3-D719BE7E97B3}.Release|x64.ActiveCfg = Release|Any CPU
		{23FBDCF5-9E0B-491F-80B3-D719BE7E97B3}.Release|x64.Build.0 = Release|Any CPU
		{23FBDCF5-9E0B-491F-80B3-D719BE7E97B3}.Release|x86.ActiveCfg = Release|Any CPU
		{23FBDCF5-9E0B-491F-80B3-D719BE7E97B3}.Release|x86.Build.0 = Release|Any CPU
		{32123E1D-8D5E-49AD-84EA-B0668D011886}.Debug|Any CPU.ActiveCfg = Debug|Any CPU
		{32123E1D-8D5E-49AD-84EA-B0668D011886}.Debug|Any CPU.Build.0 = Debug|Any CPU
		{32123E1D-8D5E-49AD-84EA-B0668D011886}.Debug|x64.ActiveCfg = Debug|Any CPU
		{32123E1D-8D5E-49AD-84EA-B0668D011886}.Debug|x64.Build.0 = Debug|Any CPU
		{32123E1D-8D5E-49AD-84EA-B0668D011886}.Debug|x86.ActiveCfg = Debug|Any CPU
		{32123E1D-8D5E-49AD-84EA-B0668D011886}.Debug|x86.Build.0 = Debug|Any CPU
		{32123E1D-8D5E-49AD-84EA-B0668D011886}.Release|Any CPU.ActiveCfg = Release|Any CPU
		{32123E1D-8D5E-49AD-84EA-B0668D011886}.Release|Any CPU.Build.0 = Release|Any CPU
		{32123E1D-8D5E-49AD-84EA-B0668D011886}.Release|x64.ActiveCfg = Release|Any CPU
		{32123E1D-8D5E-49AD-84EA-B0668D011886}.Release|x64.Build.0 = Release|Any CPU
		{32123E1D-8D5E-49AD-84EA-B0668D011886}.Release|x86.ActiveCfg = Release|Any CPU
		{32123E1D-8D5E-49AD-84EA-B0668D011886}.Release|x86.Build.0 = Release|Any CPU
		{74C37808-00A9-4897-A7A8-1BAA3D491191}.Debug|Any CPU.ActiveCfg = Debug|Any CPU
		{74C37808-00A9-4897-A7A8-1BAA3D491191}.Debug|Any CPU.Build.0 = Debug|Any CPU
		{74C37808-00A9-4897-A7A8-1BAA3D491191}.Debug|x64.ActiveCfg = Debug|Any CPU
		{74C37808-00A9-4897-A7A8-1BAA3D491191}.Debug|x64.Build.0 = Debug|Any CPU
		{74C37808-00A9-4897-A7A8-1BAA3D491191}.Debug|x86.ActiveCfg = Debug|Any CPU
		{74C37808-00A9-4897-A7A8-1BAA3D491191}.Debug|x86.Build.0 = Debug|Any CPU
		{74C37808-00A9-4897-A7A8-1BAA3D491191}.Release|Any CPU.ActiveCfg = Release|Any CPU
		{74C37808-00A9-4897-A7A8-1BAA3D491191}.Release|Any CPU.Build.0 = Release|Any CPU
		{74C37808-00A9-4897-A7A8-1BAA3D491191}.Release|x64.ActiveCfg = Release|Any CPU
		{74C37808-00A9-4897-A7A8-1BAA3D491191}.Release|x64.Build.0 = Release|Any CPU
		{74C37808-00A9-4897-A7A8-1BAA3D491191}.Release|x86.ActiveCfg = Release|Any CPU
		{74C37808-00A9-4897-A7A8-1BAA3D491191}.Release|x86.Build.0 = Release|Any CPU
		{BDB79050-4237-4791-AD75-328C7BBE6366}.Debug|Any CPU.ActiveCfg = Debug|Any CPU
		{BDB79050-4237-4791-AD75-328C7BBE6366}.Debug|Any CPU.Build.0 = Debug|Any CPU
		{BDB79050-4237-4791-AD75-328C7BBE6366}.Debug|x64.ActiveCfg = Debug|Any CPU
		{BDB79050-4237-4791-AD75-328C7BBE6366}.Debug|x64.Build.0 = Debug|Any CPU
		{BDB79050-4237-4791-AD75-328C7BBE6366}.Debug|x86.ActiveCfg = Debug|Any CPU
		{BDB79050-4237-4791-AD75-328C7BBE6366}.Debug|x86.Build.0 = Debug|Any CPU
		{BDB79050-4237-4791-AD75-328C7BBE6366}.Release|Any CPU.ActiveCfg = Release|Any CPU
		{BDB79050-4237-4791-AD75-328C7BBE6366}.Release|Any CPU.Build.0 = Release|Any CPU
		{BDB79050-4237-4791-AD75-328C7BBE6366}.Release|x64.ActiveCfg = Release|Any CPU
		{BDB79050-4237-4791-AD75-328C7BBE6366}.Release|x64.Build.0 = Release|Any CPU
		{BDB79050-4237-4791-AD75-328C7BBE6366}.Release|x86.ActiveCfg = Release|Any CPU
		{BDB79050-4237-4791-AD75-328C7BBE6366}.Release|x86.Build.0 = Release|Any CPU
		{32EA2002-359B-4107-98B6-0A9976BB442E}.Debug|Any CPU.ActiveCfg = Debug|Any CPU
		{32EA2002-359B-4107-98B6-0A9976BB442E}.Debug|Any CPU.Build.0 = Debug|Any CPU
		{32EA2002-359B-4107-98B6-0A9976BB442E}.Debug|x64.ActiveCfg = Debug|Any CPU
		{32EA2002-359B-4107-98B6-0A9976BB442E}.Debug|x64.Build.0 = Debug|Any CPU
		{32EA2002-359B-4107-98B6-0A9976BB442E}.Debug|x86.ActiveCfg = Debug|Any CPU
		{32EA2002-359B-4107-98B6-0A9976BB442E}.Debug|x86.Build.0 = Debug|Any CPU
		{32EA2002-359B-4107-98B6-0A9976BB442E}.Release|Any CPU.ActiveCfg = Release|Any CPU
		{32EA2002-359B-4107-98B6-0A9976BB442E}.Release|Any CPU.Build.0 = Release|Any CPU
		{32EA2002-359B-4107-98B6-0A9976BB442E}.Release|x64.ActiveCfg = Release|Any CPU
		{32EA2002-359B-4107-98B6-0A9976BB442E}.Release|x64.Build.0 = Release|Any CPU
		{32EA2002-359B-4107-98B6-0A9976BB442E}.Release|x86.ActiveCfg = Release|Any CPU
		{32EA2002-359B-4107-98B6-0A9976BB442E}.Release|x86.Build.0 = Release|Any CPU
		{0B35846C-0E16-4970-A83E-C24124D51B83}.Debug|Any CPU.ActiveCfg = Debug|Any CPU
		{0B35846C-0E16-4970-A83E-C24124D51B83}.Debug|Any CPU.Build.0 = Debug|Any CPU
		{0B35846C-0E16-4970-A83E-C24124D51B83}.Debug|x64.ActiveCfg = Debug|Any CPU
		{0B35846C-0E16-4970-A83E-C24124D51B83}.Debug|x64.Build.0 = Debug|Any CPU
		{0B35846C-0E16-4970-A83E-C24124D51B83}.Debug|x86.ActiveCfg = Debug|Any CPU
		{0B35846C-0E16-4970-A83E-C24124D51B83}.Debug|x86.Build.0 = Debug|Any CPU
		{0B35846C-0E16-4970-A83E-C24124D51B83}.Release|Any CPU.ActiveCfg = Release|Any CPU
		{0B35846C-0E16-4970-A83E-C24124D51B83}.Release|Any CPU.Build.0 = Release|Any CPU
		{0B35846C-0E16-4970-A83E-C24124D51B83}.Release|x64.ActiveCfg = Release|Any CPU
		{0B35846C-0E16-4970-A83E-C24124D51B83}.Release|x64.Build.0 = Release|Any CPU
		{0B35846C-0E16-4970-A83E-C24124D51B83}.Release|x86.ActiveCfg = Release|Any CPU
		{0B35846C-0E16-4970-A83E-C24124D51B83}.Release|x86.Build.0 = Release|Any CPU
	EndGlobalSection
	GlobalSection(SolutionProperties) = preSolution
		HideSolutionNode = FALSE
	EndGlobalSection
EndGlobal
